
Microsoft Visual Studio Solution File, Format Version 12.00
# Visual Studio Version 17
VisualStudioVersion = 17.6.33829.357
MinimumVisualStudioVersion = 10.0.40219.1
Project("{FAE04EC0-301F-11D3-BF4B-00C04F79EFBC}") = "ConsoleApp1", "ConsoleApp1\ConsoleApp1.csproj", "{0F41EBA4-BD98-4953-8B0D-5F7AD194809E}"
EndProject
Global
	GlobalSection(SolutionConfigurationPlatforms) = preSolution
		Debug|Any CPU = Debug|Any CPU
		Release|Any CPU = Release|Any CPU
	EndGlobalSection
	GlobalSection(ProjectConfigurationPlatforms) = postSolution
		{0F41EBA4-BD98-4953-8B0D-5F7AD194809E}.Debug|Any CPU.ActiveCfg = Debug|Any CPU
		{0F41EBA4-BD98-4953-8B0D-5F7AD194809E}.Debug|Any CPU.Build.0 = Debug|Any CPU
		{0F41EBA4-BD98-4953-8B0D-5F7AD194809E}.Release|Any CPU.ActiveCfg = Release|Any CPU
		{0F41EBA4-BD98-4953-8B0D-5F7AD194809E}.Release|Any CPU.Build.0 = Release|Any CPU
	EndGlobalSection
	GlobalSection(SolutionProperties) = preSolution
		HideSolutionNode = FALSE
	EndGlobalSection
	GlobalSection(ExtensibilityGlobals) = postSolution
		SolutionGuid = {C12E86ED-849D-492D-816C-F2C5F8AC3732}
	EndGlobalSection
EndGlobal
